
Microsoft Visual Studio Solution File, Format Version 12.00
# Visual Studio Version 17
VisualStudioVersion = 17.7.34018.315
MinimumVisualStudioVersion = 10.0.40219.1
Project("{8BC9CEB8-8B4A-11D0-8D11-00A0C91BC942}") = "WarShip", "WarShip.vcxproj", "{F6B845E6-F465-47DB-A8E2-9AA17DD37871}"
EndProject
Global
	GlobalSection(SolutionConfigurationPlatforms) = preSolution
		Debug|x64 = Debug|x64
		Debug|x86 = Debug|x86
		Release|x64 = Release|x64
		Release|x86 = Release|x86
	EndGlobalSection
	GlobalSection(ProjectConfigurationPlatforms) = postSolution
		{F6B845E6-F465-47DB-A8E2-9AA17DD37871}.Debug|x64.ActiveCfg = Debug|x64
		{F6B845E6-F465-47DB-A8E2-9AA17DD37871}.Debug|x64.Build.0 = Debug|x64
		{F6B845E6-F465-47DB-A8E2-9AA17DD37871}.Debug|x86.ActiveCfg = Debug|Win32
		{F6B845E6-F465-47DB-A8E2-9AA17DD37871}.Debug|x86.Build.0 = Debug|Win32
		{F6B845E6-F465-47DB-A8E2-9AA17DD37871}.Release|x64.ActiveCfg = Release|x64
		{F6B845E6-F465-47DB-A8E2-9AA17DD37871}.Release|x64.Build.0 = Release|x64
		{F6B845E6-F465-47DB-A8E2-9AA17DD37871}.Release|x86.ActiveCfg = Release|Win32
		{F6B845E6-F465-47DB-A8E2-9AA17DD37871}.Release|x86.Build.0 = Release|Win32
	EndGlobalSection
	GlobalSection(SolutionProperties) = preSolution
		HideSolutionNode = FALSE
	EndGlobalSection
	GlobalSection(ExtensibilityGlobals) = postSolution
		SolutionGuid = {D8656230-87E1-4016-8115-9BDEAF933BA8}
	EndGlobalSection
EndGlobal
